
Microsoft Visual Studio Solution File, Format Version 12.00
# Visual Studio Version 17
VisualStudioVersion = 17.3.32825.248
MinimumVisualStudioVersion = 10.0.40219.1
Project("{9A19103F-16F7-4668-BE54-9A1E7A4F7556}") = "CeskyRozhlasMiner.WpfApp", "CeskyRozhlasMiner.WpfApp\CeskyRozhlasMiner.WpfApp.csproj", "{FD700A25-EEC8-4DCA-A08B-B620E966DACA}"
EndProject
Project("{9A19103F-16F7-4668-BE54-9A1E7A4F7556}") = "CeskyRozhlasMiner.Lib", "CeskyRozhlasMiner.Lib\CeskyRozhlasMiner.Lib.csproj", "{E420A6FE-7380-4979-8675-63E42F1832D2}"
EndProject
Project("{9A19103F-16F7-4668-BE54-9A1E7A4F7556}") = "CeskyRozhlasMiner.Test", "CeskyRozhlasMiner.Test\CeskyRozhlasMiner.Test.csproj", "{DFC8BB7F-8683-40CD-B096-4A8F88DE431D}"
EndProject
Project("{2150E333-8FDC-42A3-9474-1A3956D46DE8}") = "Solution Items", "Solution Items", "{1A309176-FB97-49DB-B0D6-20DD14945C55}"
	ProjectSection(SolutionItems) = preProject
		.editorconfig = .editorconfig
		README.md = README.md
	EndProjectSection
EndProject
Project("{54A90642-561A-4BB1-A94E-469ADEE60C69}") = "CeskyRozhlasMiner.WebApp.Client", "CeskyRozhlasMiner.WebApp\client\CeskyRozhlasMiner.WebApp.Client.esproj", "{2B476AB7-4541-4634-8BEC-8B16B563D298}"
EndProject
Project("{9A19103F-16F7-4668-BE54-9A1E7A4F7556}") = "CeskyRozhlasMiner.WebApp.API", "CeskyRozhlasMiner.WebApp\service\CeskyRozhlasMiner.WebApp.API\CeskyRozhlasMiner.WebApp.API.csproj", "{49DB7546-B600-4FD8-BA58-C37F370855C6}"
EndProject
Project("{2150E333-8FDC-42A3-9474-1A3956D46DE8}") = "WebApp", "WebApp", "{D7A1DC98-D6E5-4697-92FC-B6DCE81571FC}"
	ProjectSection(SolutionItems) = preProject
		CeskyRozhlasMiner.WebApp\README.md = CeskyRozhlasMiner.WebApp\README.md
	EndProjectSection
EndProject
Project("{2150E333-8FDC-42A3-9474-1A3956D46DE8}") = "Docker", "Docker", "{BFA2FEB1-B3F8-48A8-9326-328C5763B4EB}"
	ProjectSection(SolutionItems) = preProject
		CeskyRozhlasMiner.WebApp\.dockerignore = CeskyRozhlasMiner.WebApp\.dockerignore
		CeskyRozhlasMiner.WebApp\docker-compose.yml = CeskyRozhlasMiner.WebApp\docker-compose.yml
		CeskyRozhlasMiner.WebApp\dockerfile = CeskyRozhlasMiner.WebApp\dockerfile
	EndProjectSection
EndProject
Project("{9A19103F-16F7-4668-BE54-9A1E7A4F7556}") = "CeskyRozhlasMiner.Time", "CeskyRozhlasMiner.Time\CeskyRozhlasMiner.Time.csproj", "{2C0D400F-0B26-4F23-AF3E-56BA6E8C15CF}"
EndProject
Global
	GlobalSection(SolutionConfigurationPlatforms) = preSolution
		Debug|Any CPU = Debug|Any CPU
		Debug|ARM = Debug|ARM
		Debug|ARM64 = Debug|ARM64
		Debug|x64 = Debug|x64
		Debug|x86 = Debug|x86
		Release|Any CPU = Release|Any CPU
		Release|ARM = Release|ARM
		Release|ARM64 = Release|ARM64
		Release|x64 = Release|x64
		Release|x86 = Release|x86
	EndGlobalSection
	GlobalSection(ProjectConfigurationPlatforms) = postSolution
		{FD700A25-EEC8-4DCA-A08B-B620E966DACA}.Debug|Any CPU.ActiveCfg = Debug|Any CPU
		{FD700A25-EEC8-4DCA-A08B-B620E966DACA}.Debug|Any CPU.Build.0 = Debug|Any CPU
		{FD700A25-EEC8-4DCA-A08B-B620E966DACA}.Debug|ARM.ActiveCfg = Debug|Any CPU
		{FD700A25-EEC8-4DCA-A08B-B620E966DACA}.Debug|ARM.Build.0 = Debug|Any CPU
		{FD700A25-EEC8-4DCA-A08B-B620E966DACA}.Debug|ARM64.ActiveCfg = Debug|Any CPU
		{FD700A25-EEC8-4DCA-A08B-B620E966DACA}.Debug|ARM64.Build.0 = Debug|Any CPU
		{FD700A25-EEC8-4DCA-A08B-B620E966DACA}.Debug|x64.ActiveCfg = Debug|Any CPU
		{FD700A25-EEC8-4DCA-A08B-B620E966DACA}.Debug|x64.Build.0 = Debug|Any CPU
		{FD700A25-EEC8-4DCA-A08B-B620E966DACA}.Debug|x86.ActiveCfg = Debug|Any CPU
		{FD700A25-EEC8-4DCA-A08B-B620E966DACA}.Debug|x86.Build.0 = Debug|Any CPU
		{FD700A25-EEC8-4DCA-A08B-B620E966DACA}.Release|Any CPU.ActiveCfg = Release|Any CPU
		{FD700A25-EEC8-4DCA-A08B-B620E966DACA}.Release|Any CPU.Build.0 = Release|Any CPU
		{FD700A25-EEC8-4DCA-A08B-B620E966DACA}.Release|ARM.ActiveCfg = Release|Any CPU
		{FD700A25-EEC8-4DCA-A08B-B620E966DACA}.Release|ARM.Build.0 = Release|Any CPU
		{FD700A25-EEC8-4DCA-A08B-B620E966DACA}.Release|ARM64.ActiveCfg = Release|Any CPU
		{FD700A25-EEC8-4DCA-A08B-B620E966DACA}.Release|ARM64.Build.0 = Release|Any CPU
		{FD700A25-EEC8-4DCA-A08B-B620E966DACA}.Release|x64.ActiveCfg = Release|Any CPU
		{FD700A25-EEC8-4DCA-A08B-B620E966DACA}.Release|x64.Build.0 = Release|Any CPU
		{FD700A25-EEC8-4DCA-A08B-B620E966DACA}.Release|x86.ActiveCfg = Release|Any CPU
		{FD700A25-EEC8-4DCA-A08B-B620E966DACA}.Release|x86.Build.0 = Release|Any CPU
		{E420A6FE-7380-4979-8675-63E42F1832D2}.Debug|Any CPU.ActiveCfg = Debug|Any CPU
		{E420A6FE-7380-4979-8675-63E42F1832D2}.Debug|Any CPU.Build.0 = Debug|Any CPU
		{E420A6FE-7380-4979-8675-63E42F1832D2}.Debug|ARM.ActiveCfg = Debug|Any CPU
		{E420A6FE-7380-4979-8675-63E42F1832D2}.Debug|ARM.Build.0 = Debug|Any CPU
		{E420A6FE-7380-4979-8675-63E42F1832D2}.Debug|ARM64.ActiveCfg = Debug|Any CPU
		{E420A6FE-7380-4979-8675-63E42F1832D2}.Debug|ARM64.Build.0 = Debug|Any CPU
		{E420A6FE-7380-4979-8675-63E42F1832D2}.Debug|x64.ActiveCfg = Debug|Any CPU
		{E420A6FE-7380-4979-8675-63E42F1832D2}.Debug|x64.Build.0 = Debug|Any CPU
		{E420A6FE-7380-4979-8675-63E42F1832D2}.Debug|x86.ActiveCfg = Debug|Any CPU
		{E420A6FE-7380-4979-8675-63E42F1832D2}.Debug|x86.Build.0 = Debug|Any CPU
		{E420A6FE-7380-4979-8675-63E42F1832D2}.Release|Any CPU.ActiveCfg = Release|Any CPU
		{E420A6FE-7380-4979-8675-63E42F1832D2}.Release|Any CPU.Build.0 = Release|Any CPU
		{E420A6FE-7380-4979-8675-63E42F1832D2}.Release|ARM.ActiveCfg = Release|Any CPU
		{E420A6FE-7380-4979-8675-63E42F1832D2}.Release|ARM.Build.0 = Release|Any CPU
		{E420A6FE-7380-4979-8675-63E42F1832D2}.Release|ARM64.ActiveCfg = Release|Any CPU
		{E420A6FE-7380-4979-8675-63E42F1832D2}.Release|ARM64.Build.0 = Release|Any CPU
		{E420A6FE-7380-4979-8675-63E42F1832D2}.Release|x64.ActiveCfg = Release|Any CPU
		{E420A6FE-7380-4979-8675-63E42F1832D2}.Release|x64.Build.0 = Release|Any CPU
		{E420A6FE-7380-4979-8675-63E42F1832D2}.Release|x86.ActiveCfg = Release|Any CPU
		{E420A6FE-7380-4979-8675-63E42F1832D2}.Release|x86.Build.0 = Release|Any CPU
		{DFC8BB7F-8683-40CD-B096-4A8F88DE431D}.Debug|Any CPU.ActiveCfg = Debug|Any CPU
		{DFC8BB7F-8683-40CD-B096-4A8F88DE431D}.Debug|Any CPU.Build.0 = Debug|Any CPU
		{DFC8BB7F-8683-40CD-B096-4A8F88DE431D}.Debug|ARM.ActiveCfg = Debug|Any CPU
		{DFC8BB7F-8683-40CD-B096-4A8F88DE431D}.Debug|ARM.Build.0 = Debug|Any CPU
		{DFC8BB7F-8683-40CD-B096-4A8F88DE431D}.Debug|ARM64.ActiveCfg = Debug|Any CPU
		{DFC8BB7F-8683-40CD-B096-4A8F88DE431D}.Debug|ARM64.Build.0 = Debug|Any CPU
		{DFC8BB7F-8683-40CD-B096-4A8F88DE431D}.Debug|x64.ActiveCfg = Debug|Any CPU
		{DFC8BB7F-8683-40CD-B096-4A8F88DE431D}.Debug|x64.Build.0 = Debug|Any CPU
		{DFC8BB7F-8683-40CD-B096-4A8F88DE431D}.Debug|x86.ActiveCfg = Debug|Any CPU
		{DFC8BB7F-8683-40CD-B096-4A8F88DE431D}.Debug|x86.Build.0 = Debug|Any CPU
		{DFC8BB7F-8683-40CD-B096-4A8F88DE431D}.Release|Any CPU.ActiveCfg = Release|Any CPU
		{DFC8BB7F-8683-40CD-B096-4A8F88DE431D}.Release|Any CPU.Build.0 = Release|Any CPU
		{DFC8BB7F-8683-40CD-B096-4A8F88DE431D}.Release|ARM.ActiveCfg = Release|Any CPU
		{DFC8BB7F-8683-40CD-B096-4A8F88DE431D}.Release|ARM.Build.0 = Release|Any CPU
		{DFC8BB7F-8683-40CD-B096-4A8F88DE431D}.Release|ARM64.ActiveCfg = Release|Any CPU
		{DFC8BB7F-8683-40CD-B096-4A8F88DE431D}.Release|ARM64.Build.0 = Release|Any CPU
		{DFC8BB7F-8683-40CD-B096-4A8F88DE431D}.Release|x64.ActiveCfg = Release|Any CPU
		{DFC8BB7F-8683-40CD-B096-4A8F88DE431D}.Release|x64.Build.0 = Release|Any CPU
		{DFC8BB7F-8683-40CD-B096-4A8F88DE431D}.Release|x86.ActiveCfg = Release|Any CPU
		{DFC8BB7F-8683-40CD-B096-4A8F88DE431D}.Release|x86.Build.0 = Release|Any CPU
		{2B476AB7-4541-4634-8BEC-8B16B563D298}.Debug|Any CPU.ActiveCfg = Debug|Any CPU
		{2B476AB7-4541-4634-8BEC-8B16B563D298}.Debug|Any CPU.Build.0 = Debug|Any CPU
		{2B476AB7-4541-4634-8BEC-8B16B563D298}.Debug|Any CPU.Deploy.0 = Debug|Any CPU
		{2B476AB7-4541-4634-8BEC-8B16B563D298}.Debug|ARM.ActiveCfg = Debug|Any CPU
		{2B476AB7-4541-4634-8BEC-8B16B563D298}.Debug|ARM.Build.0 = Debug|Any CPU
		{2B476AB7-4541-4634-8BEC-8B16B563D298}.Debug|ARM.Deploy.0 = Debug|Any CPU
		{2B476AB7-4541-4634-8BEC-8B16B563D298}.Debug|ARM64.ActiveCfg = Debug|Any CPU
		{2B476AB7-4541-4634-8BEC-8B16B563D298}.Debug|ARM64.Build.0 = Debug|Any CPU
		{2B476AB7-4541-4634-8BEC-8B16B563D298}.Debug|ARM64.Deploy.0 = Debug|Any CPU
		{2B476AB7-4541-4634-8BEC-8B16B563D298}.Debug|x64.ActiveCfg = Debug|Any CPU
		{2B476AB7-4541-4634-8BEC-8B16B563D298}.Debug|x64.Build.0 = Debug|Any CPU
		{2B476AB7-4541-4634-8BEC-8B16B563D298}.Debug|x64.Deploy.0 = Debug|Any CPU
		{2B476AB7-4541-4634-8BEC-8B16B563D298}.Debug|x86.ActiveCfg = Debug|Any CPU
		{2B476AB7-4541-4634-8BEC-8B16B563D298}.Debug|x86.Build.0 = Debug|Any CPU
		{2B476AB7-4541-4634-8BEC-8B16B563D298}.Debug|x86.Deploy.0 = Debug|Any CPU
		{2B476AB7-4541-4634-8BEC-8B16B563D298}.Release|Any CPU.ActiveCfg = Release|Any CPU
		{2B476AB7-4541-4634-8BEC-8B16B563D298}.Release|Any CPU.Build.0 = Release|Any CPU
		{2B476AB7-4541-4634-8BEC-8B16B563D298}.Release|Any CPU.Deploy.0 = Release|Any CPU
		{2B476AB7-4541-4634-8BEC-8B16B563D298}.Release|ARM.ActiveCfg = Release|Any CPU
		{2B476AB7-4541-4634-8BEC-8B16B563D298}.Release|ARM.Build.0 = Release|Any CPU
		{2B476AB7-4541-4634-8BEC-8B16B563D298}.Release|ARM.Deploy.0 = Release|Any CPU
		{2B476AB7-4541-4634-8BEC-8B16B563D298}.Release|ARM64.ActiveCfg = Release|Any CPU
		{2B476AB7-4541-4634-8BEC-8B16B563D298}.Release|ARM64.Build.0 = Release|Any CPU
		{2B476AB7-4541-4634-8BEC-8B16B563D298}.Release|ARM64.Deploy.0 = Release|Any CPU
		{2B476AB7-4541-4634-8BEC-8B16B563D298}.Release|x64.ActiveCfg = Release|Any CPU
		{2B476AB7-4541-4634-8BEC-8B16B563D298}.Release|x64.Build.0 = Release|Any CPU
		{2B476AB7-4541-4634-8BEC-8B16B563D298}.Release|x64.Deploy.0 = Release|Any CPU
		{2B476AB7-4541-4634-8BEC-8B16B563D298}.Release|x86.ActiveCfg = Release|Any CPU
		{2B476AB7-4541-4634-8BEC-8B16B563D298}.Release|x86.Build.0 = Release|Any CPU
		{2B476AB7-4541-4634-8BEC-8B16B563D298}.Release|x86.Deploy.0 = Release|Any CPU
		{49DB7546-B600-4FD8-BA58-C37F370855C6}.Debug|Any CPU.ActiveCfg = Debug|Any CPU
		{49DB7546-B600-4FD8-BA58-C37F370855C6}.Debug|Any CPU.Build.0 = Debug|Any CPU
		{49DB7546-B600-4FD8-BA58-C37F370855C6}.Debug|ARM.ActiveCfg = Debug|Any CPU
		{49DB7546-B600-4FD8-BA58-C37F370855C6}.Debug|ARM.Build.0 = Debug|Any CPU
		{49DB7546-B600-4FD8-BA58-C37F370855C6}.Debug|ARM64.ActiveCfg = Debug|Any CPU
		{49DB7546-B600-4FD8-BA58-C37F370855C6}.Debug|ARM64.Build.0 = Debug|Any CPU
		{49DB7546-B600-4FD8-BA58-C37F370855C6}.Debug|x64.ActiveCfg = Debug|Any CPU
		{49DB7546-B600-4FD8-BA58-C37F370855C6}.Debug|x64.Build.0 = Debug|Any CPU
		{49DB7546-B600-4FD8-BA58-C37F370855C6}.Debug|x86.ActiveCfg = Debug|Any CPU
		{49DB7546-B600-4FD8-BA58-C37F370855C6}.Debug|x86.Build.0 = Debug|Any CPU
		{49DB7546-B600-4FD8-BA58-C37F370855C6}.Release|Any CPU.ActiveCfg = Release|Any CPU
		{49DB7546-B600-4FD8-BA58-C37F370855C6}.Release|Any CPU.Build.0 = Release|Any CPU
		{49DB7546-B600-4FD8-BA58-C37F370855C6}.Release|ARM.ActiveCfg = Release|Any CPU
		{49DB7546-B600-4FD8-BA58-C37F370855C6}.Release|ARM.Build.0 = Release|Any CPU
		{49DB7546-B600-4FD8-BA58-C37F370855C6}.Release|ARM64.ActiveCfg = Release|Any CPU
		{49DB7546-B600-4FD8-BA58-C37F370855C6}.Release|ARM64.Build.0 = Release|Any CPU
		{49DB7546-B600-4FD8-BA58-C37F370855C6}.Release|x64.ActiveCfg = Release|Any CPU
		{49DB7546-B600-4FD8-BA58-C37F370855C6}.Release|x64.Build.0 = Release|Any CPU
		{49DB7546-B600-4FD8-BA58-C37F370855C6}.Release|x86.ActiveCfg = Release|Any CPU
		{49DB7546-B600-4FD8-BA58-C37F370855C6}.Release|x86.Build.0 = Release|Any CPU
		{2C0D400F-0B26-4F23-AF3E-56BA6E8C15CF}.Debug|Any CPU.ActiveCfg = Debug|Any CPU
		{2C0D400F-0B26-4F23-AF3E-56BA6E8C15CF}.Debug|Any CPU.Build.0 = Debug|Any CPU
		{2C0D400F-0B26-4F23-AF3E-56BA6E8C15CF}.Debug|ARM.ActiveCfg = Debug|Any CPU
		{2C0D400F-0B26-4F23-AF3E-56BA6E8C15CF}.Debug|ARM.Build.0 = Debug|Any CPU
		{2C0D400F-0B26-4F23-AF3E-56BA6E8C15CF}.Debug|ARM64.ActiveCfg = Debug|Any CPU
		{2C0D400F-0B26-4F23-AF3E-56BA6E8C15CF}.Debug|ARM64.Build.0 = Debug|Any CPU
		{2C0D400F-0B26-4F23-AF3E-56BA6E8C15CF}.Debug|x64.ActiveCfg = Debug|Any CPU
		{2C0D400F-0B26-4F23-AF3E-56BA6E8C15CF}.Debug|x64.Build.0 = Debug|Any CPU
		{2C0D400F-0B26-4F23-AF3E-56BA6E8C15CF}.Debug|x86.ActiveCfg = Debug|Any CPU
		{2C0D400F-0B26-4F23-AF3E-56BA6E8C15CF}.Debug|x86.Build.0 = Debug|Any CPU
		{2C0D400F-0B26-4F23-AF3E-56BA6E8C15CF}.Release|Any CPU.ActiveCfg = Release|Any CPU
		{2C0D400F-0B26-4F23-AF3E-56BA6E8C15CF}.Release|Any CPU.Build.0 = Release|Any CPU
		{2C0D400F-0B26-4F23-AF3E-56BA6E8C15CF}.Release|ARM.ActiveCfg = Release|Any CPU
		{2C0D400F-0B26-4F23-AF3E-56BA6E8C15CF}.Release|ARM.Build.0 = Release|Any CPU
		{2C0D400F-0B26-4F23-AF3E-56BA6E8C15CF}.Release|ARM64.ActiveCfg = Release|Any CPU
		{2C0D400F-0B26-4F23-AF3E-56BA6E8C15CF}.Release|ARM64.Build.0 = Release|Any CPU
		{2C0D400F-0B26-4F23-AF3E-56BA6E8C15CF}.Release|x64.ActiveCfg = Release|Any CPU
		{2C0D400F-0B26-4F23-AF3E-56BA6E8C15CF}.Release|x64.Build.0 = Release|Any CPU
		{2C0D400F-0B26-4F23-AF3E-56BA6E8C15CF}.Release|x86.ActiveCfg = Release|Any CPU
		{2C0D400F-0B26-4F23-AF3E-56BA6E8C15CF}.Release|x86.Build.0 = Release|Any CPU
	EndGlobalSection
	GlobalSection(SolutionProperties) = preSolution
		HideSolutionNode = FALSE
	EndGlobalSection
	GlobalSection(NestedProjects) = preSolution
		{D7A1DC98-D6E5-4697-92FC-B6DCE81571FC} = {1A309176-FB97-49DB-B0D6-20DD14945C55}
		{BFA2FEB1-B3F8-48A8-9326-328C5763B4EB} = {D7A1DC98-D6E5-4697-92FC-B6DCE81571FC}
	EndGlobalSection
	GlobalSection(ExtensibilityGlobals) = postSolution
		SolutionGuid = {1141DBC2-9C0C-4E20-9A1B-6341FAA9BC99}
	EndGlobalSection
EndGlobal
