
Microsoft Visual Studio Solution File, Format Version 12.00
# Visual Studio Version 17
VisualStudioVersion = 17.3.32825.248
MinimumVisualStudioVersion = 10.0.40219.1
Project("{9A19103F-16F7-4668-BE54-9A1E7A4F7556}") = "CeskyRozhlasMiner.App", "CeskyRozhlasMiner.App\CeskyRozhlasMiner.App.csproj", "{FD700A25-EEC8-4DCA-A08B-B620E966DACA}"
EndProject
Project("{9A19103F-16F7-4668-BE54-9A1E7A4F7556}") = "CeskyRozhlasMiner.Lib", "CeskyRozhlasMiner.Lib\CeskyRozhlasMiner.Lib.csproj", "{E420A6FE-7380-4979-8675-63E42F1832D2}"
EndProject
Project("{C7167F0D-BC9F-4E6E-AFE1-012C56B48DB5}") = "CeskyRozhlasMiner.Package", "CeskyRozhlasMiner.Package\CeskyRozhlasMiner.Package.wapproj", "{50E16D96-F4F2-4A25-93EF-34C68BF7A7B5}"
EndProject
Global
	GlobalSection(SolutionConfigurationPlatforms) = preSolution
		Debug|Any CPU = Debug|Any CPU
		Debug|ARM = Debug|ARM
		Debug|ARM64 = Debug|ARM64
		Debug|x64 = Debug|x64
		Debug|x86 = Debug|x86
		Release|Any CPU = Release|Any CPU
		Release|ARM = Release|ARM
		Release|ARM64 = Release|ARM64
		Release|x64 = Release|x64
		Release|x86 = Release|x86
	EndGlobalSection
	GlobalSection(ProjectConfigurationPlatforms) = postSolution
		{FD700A25-EEC8-4DCA-A08B-B620E966DACA}.Debug|Any CPU.ActiveCfg = Debug|Any CPU
		{FD700A25-EEC8-4DCA-A08B-B620E966DACA}.Debug|Any CPU.Build.0 = Debug|Any CPU
		{FD700A25-EEC8-4DCA-A08B-B620E966DACA}.Debug|ARM.ActiveCfg = Debug|Any CPU
		{FD700A25-EEC8-4DCA-A08B-B620E966DACA}.Debug|ARM.Build.0 = Debug|Any CPU
		{FD700A25-EEC8-4DCA-A08B-B620E966DACA}.Debug|ARM64.ActiveCfg = Debug|Any CPU
		{FD700A25-EEC8-4DCA-A08B-B620E966DACA}.Debug|ARM64.Build.0 = Debug|Any CPU
		{FD700A25-EEC8-4DCA-A08B-B620E966DACA}.Debug|x64.ActiveCfg = Debug|Any CPU
		{FD700A25-EEC8-4DCA-A08B-B620E966DACA}.Debug|x64.Build.0 = Debug|Any CPU
		{FD700A25-EEC8-4DCA-A08B-B620E966DACA}.Debug|x86.ActiveCfg = Debug|Any CPU
		{FD700A25-EEC8-4DCA-A08B-B620E966DACA}.Debug|x86.Build.0 = Debug|Any CPU
		{FD700A25-EEC8-4DCA-A08B-B620E966DACA}.Release|Any CPU.ActiveCfg = Release|Any CPU
		{FD700A25-EEC8-4DCA-A08B-B620E966DACA}.Release|Any CPU.Build.0 = Release|Any CPU
		{FD700A25-EEC8-4DCA-A08B-B620E966DACA}.Release|ARM.ActiveCfg = Release|Any CPU
		{FD700A25-EEC8-4DCA-A08B-B620E966DACA}.Release|ARM.Build.0 = Release|Any CPU
		{FD700A25-EEC8-4DCA-A08B-B620E966DACA}.Release|ARM64.ActiveCfg = Release|Any CPU
		{FD700A25-EEC8-4DCA-A08B-B620E966DACA}.Release|ARM64.Build.0 = Release|Any CPU
		{FD700A25-EEC8-4DCA-A08B-B620E966DACA}.Release|x64.ActiveCfg = Release|Any CPU
		{FD700A25-EEC8-4DCA-A08B-B620E966DACA}.Release|x64.Build.0 = Release|Any CPU
		{FD700A25-EEC8-4DCA-A08B-B620E966DACA}.Release|x86.ActiveCfg = Release|Any CPU
		{FD700A25-EEC8-4DCA-A08B-B620E966DACA}.Release|x86.Build.0 = Release|Any CPU
		{E420A6FE-7380-4979-8675-63E42F1832D2}.Debug|Any CPU.ActiveCfg = Debug|Any CPU
		{E420A6FE-7380-4979-8675-63E42F1832D2}.Debug|Any CPU.Build.0 = Debug|Any CPU
		{E420A6FE-7380-4979-8675-63E42F1832D2}.Debug|ARM.ActiveCfg = Debug|Any CPU
		{E420A6FE-7380-4979-8675-63E42F1832D2}.Debug|ARM.Build.0 = Debug|Any CPU
		{E420A6FE-7380-4979-8675-63E42F1832D2}.Debug|ARM64.ActiveCfg = Debug|Any CPU
		{E420A6FE-7380-4979-8675-63E42F1832D2}.Debug|ARM64.Build.0 = Debug|Any CPU
		{E420A6FE-7380-4979-8675-63E42F1832D2}.Debug|x64.ActiveCfg = Debug|Any CPU
		{E420A6FE-7380-4979-8675-63E42F1832D2}.Debug|x64.Build.0 = Debug|Any CPU
		{E420A6FE-7380-4979-8675-63E42F1832D2}.Debug|x86.ActiveCfg = Debug|Any CPU
		{E420A6FE-7380-4979-8675-63E42F1832D2}.Debug|x86.Build.0 = Debug|Any CPU
		{E420A6FE-7380-4979-8675-63E42F1832D2}.Release|Any CPU.ActiveCfg = Release|Any CPU
		{E420A6FE-7380-4979-8675-63E42F1832D2}.Release|Any CPU.Build.0 = Release|Any CPU
		{E420A6FE-7380-4979-8675-63E42F1832D2}.Release|ARM.ActiveCfg = Release|Any CPU
		{E420A6FE-7380-4979-8675-63E42F1832D2}.Release|ARM.Build.0 = Release|Any CPU
		{E420A6FE-7380-4979-8675-63E42F1832D2}.Release|ARM64.ActiveCfg = Release|Any CPU
		{E420A6FE-7380-4979-8675-63E42F1832D2}.Release|ARM64.Build.0 = Release|Any CPU
		{E420A6FE-7380-4979-8675-63E42F1832D2}.Release|x64.ActiveCfg = Release|Any CPU
		{E420A6FE-7380-4979-8675-63E42F1832D2}.Release|x64.Build.0 = Release|Any CPU
		{E420A6FE-7380-4979-8675-63E42F1832D2}.Release|x86.ActiveCfg = Release|Any CPU
		{E420A6FE-7380-4979-8675-63E42F1832D2}.Release|x86.Build.0 = Release|Any CPU
		{50E16D96-F4F2-4A25-93EF-34C68BF7A7B5}.Debug|Any CPU.ActiveCfg = Debug|Any CPU
		{50E16D96-F4F2-4A25-93EF-34C68BF7A7B5}.Debug|Any CPU.Build.0 = Debug|Any CPU
		{50E16D96-F4F2-4A25-93EF-34C68BF7A7B5}.Debug|Any CPU.Deploy.0 = Debug|Any CPU
		{50E16D96-F4F2-4A25-93EF-34C68BF7A7B5}.Debug|ARM.ActiveCfg = Debug|ARM
		{50E16D96-F4F2-4A25-93EF-34C68BF7A7B5}.Debug|ARM.Build.0 = Debug|ARM
		{50E16D96-F4F2-4A25-93EF-34C68BF7A7B5}.Debug|ARM.Deploy.0 = Debug|ARM
		{50E16D96-F4F2-4A25-93EF-34C68BF7A7B5}.Debug|ARM64.ActiveCfg = Debug|ARM64
		{50E16D96-F4F2-4A25-93EF-34C68BF7A7B5}.Debug|ARM64.Build.0 = Debug|ARM64
		{50E16D96-F4F2-4A25-93EF-34C68BF7A7B5}.Debug|ARM64.Deploy.0 = Debug|ARM64
		{50E16D96-F4F2-4A25-93EF-34C68BF7A7B5}.Debug|x64.ActiveCfg = Debug|x64
		{50E16D96-F4F2-4A25-93EF-34C68BF7A7B5}.Debug|x64.Build.0 = Debug|x64
		{50E16D96-F4F2-4A25-93EF-34C68BF7A7B5}.Debug|x64.Deploy.0 = Debug|x64
		{50E16D96-F4F2-4A25-93EF-34C68BF7A7B5}.Debug|x86.ActiveCfg = Debug|x86
		{50E16D96-F4F2-4A25-93EF-34C68BF7A7B5}.Debug|x86.Build.0 = Debug|x86
		{50E16D96-F4F2-4A25-93EF-34C68BF7A7B5}.Debug|x86.Deploy.0 = Debug|x86
		{50E16D96-F4F2-4A25-93EF-34C68BF7A7B5}.Release|Any CPU.ActiveCfg = Release|Any CPU
		{50E16D96-F4F2-4A25-93EF-34C68BF7A7B5}.Release|Any CPU.Build.0 = Release|Any CPU
		{50E16D96-F4F2-4A25-93EF-34C68BF7A7B5}.Release|Any CPU.Deploy.0 = Release|Any CPU
		{50E16D96-F4F2-4A25-93EF-34C68BF7A7B5}.Release|ARM.ActiveCfg = Release|ARM
		{50E16D96-F4F2-4A25-93EF-34C68BF7A7B5}.Release|ARM.Build.0 = Release|ARM
		{50E16D96-F4F2-4A25-93EF-34C68BF7A7B5}.Release|ARM.Deploy.0 = Release|ARM
		{50E16D96-F4F2-4A25-93EF-34C68BF7A7B5}.Release|ARM64.ActiveCfg = Release|ARM64
		{50E16D96-F4F2-4A25-93EF-34C68BF7A7B5}.Release|ARM64.Build.0 = Release|ARM64
		{50E16D96-F4F2-4A25-93EF-34C68BF7A7B5}.Release|ARM64.Deploy.0 = Release|ARM64
		{50E16D96-F4F2-4A25-93EF-34C68BF7A7B5}.Release|x64.ActiveCfg = Release|x64
		{50E16D96-F4F2-4A25-93EF-34C68BF7A7B5}.Release|x64.Build.0 = Release|x64
		{50E16D96-F4F2-4A25-93EF-34C68BF7A7B5}.Release|x64.Deploy.0 = Release|x64
		{50E16D96-F4F2-4A25-93EF-34C68BF7A7B5}.Release|x86.ActiveCfg = Release|x86
		{50E16D96-F4F2-4A25-93EF-34C68BF7A7B5}.Release|x86.Build.0 = Release|x86
		{50E16D96-F4F2-4A25-93EF-34C68BF7A7B5}.Release|x86.Deploy.0 = Release|x86
	EndGlobalSection
	GlobalSection(SolutionProperties) = preSolution
		HideSolutionNode = FALSE
	EndGlobalSection
	GlobalSection(ExtensibilityGlobals) = postSolution
		SolutionGuid = {1141DBC2-9C0C-4E20-9A1B-6341FAA9BC99}
	EndGlobalSection
EndGlobal
