
Microsoft Visual Studio Solution File, Format Version 12.00
# Visual Studio Version 17
VisualStudioVersion = 17.3.32901.215
MinimumVisualStudioVersion = 10.0.40219.1
Project("{9A19103F-16F7-4668-BE54-9A1E7A4F7556}") = "CeskyRozhlasMiner.WebApp.API", "CeskyRozhlasMiner.WebApp.API\CeskyRozhlasMiner.WebApp.API.csproj", "{B0A17A24-AB1B-42FA-A193-43EFEA3E5429}"
	ProjectSection(ProjectDependencies) = postProject
		{410EB5A9-0C3E-4F22-83D9-9EE1905AF205} = {410EB5A9-0C3E-4F22-83D9-9EE1905AF205}
		{1FB553DF-4D97-41DD-8F05-3A25ADC2233D} = {1FB553DF-4D97-41DD-8F05-3A25ADC2233D}
	EndProjectSection
EndProject
Project("{9A19103F-16F7-4668-BE54-9A1E7A4F7556}") = "CeskyRozhlasMiner.WebApp.Data", "CeskyRozhlasMiner.WebApp.Data\CeskyRozhlasMiner.WebApp.Data.csproj", "{410EB5A9-0C3E-4F22-83D9-9EE1905AF205}"
EndProject
Project("{9A19103F-16F7-4668-BE54-9A1E7A4F7556}") = "CeskyRozhlasMiner.WebApp.Test", "CeskyRozhlasMiner.WebApp.Test\CeskyRozhlasMiner.WebApp.Test.csproj", "{4B5145A5-0ED1-413E-9B69-5AFF5A16D80E}"
	ProjectSection(ProjectDependencies) = postProject
		{B0A17A24-AB1B-42FA-A193-43EFEA3E5429} = {B0A17A24-AB1B-42FA-A193-43EFEA3E5429}
		{410EB5A9-0C3E-4F22-83D9-9EE1905AF205} = {410EB5A9-0C3E-4F22-83D9-9EE1905AF205}
		{1FB553DF-4D97-41DD-8F05-3A25ADC2233D} = {1FB553DF-4D97-41DD-8F05-3A25ADC2233D}
	EndProjectSection
EndProject
Project("{9A19103F-16F7-4668-BE54-9A1E7A4F7556}") = "CeskyRozhlasMiner.WebApp.Command", "CeskyRozhlasMiner.WebApp.Command\CeskyRozhlasMiner.WebApp.Command.csproj", "{1FB553DF-4D97-41DD-8F05-3A25ADC2233D}"
EndProject
Project("{9A19103F-16F7-4668-BE54-9A1E7A4F7556}") = "CeskyRozhlasMiner.Lib", "..\..\CeskyRozhlasMiner.Lib\CeskyRozhlasMiner.Lib.csproj", "{93DA0D95-4E59-4852-93C9-38B4B6610412}"
EndProject
Global
	GlobalSection(SolutionConfigurationPlatforms) = preSolution
		Debug|Any CPU = Debug|Any CPU
		Release|Any CPU = Release|Any CPU
	EndGlobalSection
	GlobalSection(ProjectConfigurationPlatforms) = postSolution
		{B0A17A24-AB1B-42FA-A193-43EFEA3E5429}.Debug|Any CPU.ActiveCfg = Debug|Any CPU
		{B0A17A24-AB1B-42FA-A193-43EFEA3E5429}.Debug|Any CPU.Build.0 = Debug|Any CPU
		{B0A17A24-AB1B-42FA-A193-43EFEA3E5429}.Release|Any CPU.ActiveCfg = Release|Any CPU
		{B0A17A24-AB1B-42FA-A193-43EFEA3E5429}.Release|Any CPU.Build.0 = Release|Any CPU
		{410EB5A9-0C3E-4F22-83D9-9EE1905AF205}.Debug|Any CPU.ActiveCfg = Debug|Any CPU
		{410EB5A9-0C3E-4F22-83D9-9EE1905AF205}.Debug|Any CPU.Build.0 = Debug|Any CPU
		{410EB5A9-0C3E-4F22-83D9-9EE1905AF205}.Release|Any CPU.ActiveCfg = Release|Any CPU
		{410EB5A9-0C3E-4F22-83D9-9EE1905AF205}.Release|Any CPU.Build.0 = Release|Any CPU
		{4B5145A5-0ED1-413E-9B69-5AFF5A16D80E}.Debug|Any CPU.ActiveCfg = Debug|Any CPU
		{4B5145A5-0ED1-413E-9B69-5AFF5A16D80E}.Debug|Any CPU.Build.0 = Debug|Any CPU
		{4B5145A5-0ED1-413E-9B69-5AFF5A16D80E}.Release|Any CPU.ActiveCfg = Release|Any CPU
		{4B5145A5-0ED1-413E-9B69-5AFF5A16D80E}.Release|Any CPU.Build.0 = Release|Any CPU
		{1FB553DF-4D97-41DD-8F05-3A25ADC2233D}.Debug|Any CPU.ActiveCfg = Debug|Any CPU
		{1FB553DF-4D97-41DD-8F05-3A25ADC2233D}.Debug|Any CPU.Build.0 = Debug|Any CPU
		{1FB553DF-4D97-41DD-8F05-3A25ADC2233D}.Release|Any CPU.ActiveCfg = Release|Any CPU
		{1FB553DF-4D97-41DD-8F05-3A25ADC2233D}.Release|Any CPU.Build.0 = Release|Any CPU
		{93DA0D95-4E59-4852-93C9-38B4B6610412}.Debug|Any CPU.ActiveCfg = Debug|Any CPU
		{93DA0D95-4E59-4852-93C9-38B4B6610412}.Debug|Any CPU.Build.0 = Debug|Any CPU
		{93DA0D95-4E59-4852-93C9-38B4B6610412}.Release|Any CPU.ActiveCfg = Release|Any CPU
		{93DA0D95-4E59-4852-93C9-38B4B6610412}.Release|Any CPU.Build.0 = Release|Any CPU
	EndGlobalSection
	GlobalSection(SolutionProperties) = preSolution
		HideSolutionNode = FALSE
	EndGlobalSection
	GlobalSection(ExtensibilityGlobals) = postSolution
		SolutionGuid = {290F0E3C-3AB3-488A-8C3B-8AEF733956BD}
	EndGlobalSection
EndGlobal
